{
  "name": "tsld",
  "version": "0.0.1",
  "lockfileVersion": 3,
  "requires": true,
  "packages": {
    "": {
      "name": "tsld",
      "version": "0.0.1",
      "dependencies": {
        "cytoscape": "3.31.1"
      }
    },
    "node_modules/cytoscape": {
      "version": "3.31.1",
      "resolved": "https://registry.npmjs.org/cytoscape/-/cytoscape-3.31.1.tgz",
      "integrity": "sha512-Hx5Mtb1+hnmAKaZZ/7zL1Y5HTFYOjdDswZy/jD+1WINRU8KVi1B7+vlHdsTwY+VCFucTreoyu1RDzQJ9u0d2Hw==",
      "engines": {
        "node": ">=0.10"
      }
    }
  }
}